
Microsoft Visual Studio Solution File, Format Version 12.00
# Visual Studio 15
VisualStudioVersion = 15.0.27130.2036
MinimumVisualStudioVersion = 10.0.40219.1
Project("{FAE04EC0-301F-11D3-BF4B-00C04F79EFBC}") = "SpectreTool.Android", "SpectreTool\SpectreTool.Android\SpectreTool.Android.csproj", "{F63040E7-57A9-449C-B32E-E28FA11AFB48}"
EndProject
Project("{FAE04EC0-301F-11D3-BF4B-00C04F79EFBC}") = "SpectreTool.iOS", "SpectreTool\SpectreTool.iOS\SpectreTool.iOS.csproj", "{49DD2D59-2FA2-4420-BEBB-753A30B6207B}"
EndProject
Project("{FAE04EC0-301F-11D3-BF4B-00C04F79EFBC}") = "SpectreTool.UWP", "SpectreTool\SpectreTool.UWP\SpectreTool.UWP.csproj", "{442F1522-D4BA-43A3-9BEA-5377552EF136}"
	ProjectSection(ProjectDependencies) = postProject
		{4D42A079-AB82-4B34-9033-4DC54117B82D} = {4D42A079-AB82-4B34-9033-4DC54117B82D}
	EndProjectSection
EndProject
Project("{9A19103F-16F7-4668-BE54-9A1E7A4F7556}") = "SpectreTool", "SpectreTool\SpectreTool\SpectreTool.csproj", "{D6B2F141-1053-4126-9DD3-11FB91586274}"
EndProject
Project("{FAE04EC0-301F-11D3-BF4B-00C04F79EFBC}") = "SpectreTool.Console", "SpectreTool\SpectreTool.Console\SpectreTool.Console.csproj", "{4D42A079-AB82-4B34-9033-4DC54117B82D}"
EndProject
Project("{9A19103F-16F7-4668-BE54-9A1E7A4F7556}") = "SpectreTool.ServiceDTO", "SpectreTool\SpectreTool.ServiceDTO\SpectreTool.ServiceDTO.csproj", "{45D52D93-ECD0-4C23-A64E-659EA213331A}"
EndProject
Project("{9A19103F-16F7-4668-BE54-9A1E7A4F7556}") = "HtmlLabel.Forms.Plugin", "submodule\HtmlLabelPlugin\src\HtmlLabel\HtmlLabel.Forms.Plugin.csproj", "{879B8095-9764-49F7-A53A-5327C6F5E17D}"
EndProject
Project("{9A19103F-16F7-4668-BE54-9A1E7A4F7556}") = "SvgXF.Lib", "submodule\SvgXF\src\SvgXF.Lib\SvgXF.Lib.csproj", "{8755397E-AFFA-487E-BCC4-8C538BCEF83A}"
EndProject
Project("{9A19103F-16F7-4668-BE54-9A1E7A4F7556}") = "CustomXF.Lib", "SpectreTool\CustomXF.Lib\CustomXF.Lib.csproj", "{B28213E2-B00A-4782-9DCC-8E5971E7890B}"
EndProject
Global
	GlobalSection(SolutionConfigurationPlatforms) = preSolution
		Ad-Hoc|Any CPU = Ad-Hoc|Any CPU
		Ad-Hoc|ARM = Ad-Hoc|ARM
		Ad-Hoc|iPhone = Ad-Hoc|iPhone
		Ad-Hoc|iPhoneSimulator = Ad-Hoc|iPhoneSimulator
		Ad-Hoc|x64 = Ad-Hoc|x64
		Ad-Hoc|x86 = Ad-Hoc|x86
		AppStore|Any CPU = AppStore|Any CPU
		AppStore|ARM = AppStore|ARM
		AppStore|iPhone = AppStore|iPhone
		AppStore|iPhoneSimulator = AppStore|iPhoneSimulator
		AppStore|x64 = AppStore|x64
		AppStore|x86 = AppStore|x86
		Debug|Any CPU = Debug|Any CPU
		Debug|ARM = Debug|ARM
		Debug|iPhone = Debug|iPhone
		Debug|iPhoneSimulator = Debug|iPhoneSimulator
		Debug|x64 = Debug|x64
		Debug|x86 = Debug|x86
		Release|Any CPU = Release|Any CPU
		Release|ARM = Release|ARM
		Release|iPhone = Release|iPhone
		Release|iPhoneSimulator = Release|iPhoneSimulator
		Release|x64 = Release|x64
		Release|x86 = Release|x86
	EndGlobalSection
	GlobalSection(ProjectConfigurationPlatforms) = postSolution
		{F63040E7-57A9-449C-B32E-E28FA11AFB48}.Ad-Hoc|Any CPU.ActiveCfg = Release|Any CPU
		{F63040E7-57A9-449C-B32E-E28FA11AFB48}.Ad-Hoc|Any CPU.Build.0 = Release|Any CPU
		{F63040E7-57A9-449C-B32E-E28FA11AFB48}.Ad-Hoc|Any CPU.Deploy.0 = Release|Any CPU
		{F63040E7-57A9-449C-B32E-E28FA11AFB48}.Ad-Hoc|ARM.ActiveCfg = Release|Any CPU
		{F63040E7-57A9-449C-B32E-E28FA11AFB48}.Ad-Hoc|ARM.Build.0 = Release|Any CPU
		{F63040E7-57A9-449C-B32E-E28FA11AFB48}.Ad-Hoc|ARM.Deploy.0 = Release|Any CPU
		{F63040E7-57A9-449C-B32E-E28FA11AFB48}.Ad-Hoc|iPhone.ActiveCfg = Release|Any CPU
		{F63040E7-57A9-449C-B32E-E28FA11AFB48}.Ad-Hoc|iPhone.Build.0 = Release|Any CPU
		{F63040E7-57A9-449C-B32E-E28FA11AFB48}.Ad-Hoc|iPhone.Deploy.0 = Release|Any CPU
		{F63040E7-57A9-449C-B32E-E28FA11AFB48}.Ad-Hoc|iPhoneSimulator.ActiveCfg = Release|Any CPU
		{F63040E7-57A9-449C-B32E-E28FA11AFB48}.Ad-Hoc|iPhoneSimulator.Build.0 = Release|Any CPU
		{F63040E7-57A9-449C-B32E-E28FA11AFB48}.Ad-Hoc|iPhoneSimulator.Deploy.0 = Release|Any CPU
		{F63040E7-57A9-449C-B32E-E28FA11AFB48}.Ad-Hoc|x64.ActiveCfg = Release|Any CPU
		{F63040E7-57A9-449C-B32E-E28FA11AFB48}.Ad-Hoc|x64.Build.0 = Release|Any CPU
		{F63040E7-57A9-449C-B32E-E28FA11AFB48}.Ad-Hoc|x64.Deploy.0 = Release|Any CPU
		{F63040E7-57A9-449C-B32E-E28FA11AFB48}.Ad-Hoc|x86.ActiveCfg = Release|Any CPU
		{F63040E7-57A9-449C-B32E-E28FA11AFB48}.Ad-Hoc|x86.Build.0 = Release|Any CPU
		{F63040E7-57A9-449C-B32E-E28FA11AFB48}.Ad-Hoc|x86.Deploy.0 = Release|Any CPU
		{F63040E7-57A9-449C-B32E-E28FA11AFB48}.AppStore|Any CPU.ActiveCfg = Release|Any CPU
		{F63040E7-57A9-449C-B32E-E28FA11AFB48}.AppStore|Any CPU.Build.0 = Release|Any CPU
		{F63040E7-57A9-449C-B32E-E28FA11AFB48}.AppStore|Any CPU.Deploy.0 = Release|Any CPU
		{F63040E7-57A9-449C-B32E-E28FA11AFB48}.AppStore|ARM.ActiveCfg = Release|Any CPU
		{F63040E7-57A9-449C-B32E-E28FA11AFB48}.AppStore|ARM.Build.0 = Release|Any CPU
		{F63040E7-57A9-449C-B32E-E28FA11AFB48}.AppStore|ARM.Deploy.0 = Release|Any CPU
		{F63040E7-57A9-449C-B32E-E28FA11AFB48}.AppStore|iPhone.ActiveCfg = Release|Any CPU
		{F63040E7-57A9-449C-B32E-E28FA11AFB48}.AppStore|iPhone.Build.0 = Release|Any CPU
		{F63040E7-57A9-449C-B32E-E28FA11AFB48}.AppStore|iPhone.Deploy.0 = Release|Any CPU
		{F63040E7-57A9-449C-B32E-E28FA11AFB48}.AppStore|iPhoneSimulator.ActiveCfg = Release|Any CPU
		{F63040E7-57A9-449C-B32E-E28FA11AFB48}.AppStore|iPhoneSimulator.Build.0 = Release|Any CPU
		{F63040E7-57A9-449C-B32E-E28FA11AFB48}.AppStore|iPhoneSimulator.Deploy.0 = Release|Any CPU
		{F63040E7-57A9-449C-B32E-E28FA11AFB48}.AppStore|x64.ActiveCfg = Release|Any CPU
		{F63040E7-57A9-449C-B32E-E28FA11AFB48}.AppStore|x64.Build.0 = Release|Any CPU
		{F63040E7-57A9-449C-B32E-E28FA11AFB48}.AppStore|x64.Deploy.0 = Release|Any CPU
		{F63040E7-57A9-449C-B32E-E28FA11AFB48}.AppStore|x86.ActiveCfg = Release|Any CPU
		{F63040E7-57A9-449C-B32E-E28FA11AFB48}.AppStore|x86.Build.0 = Release|Any CPU
		{F63040E7-57A9-449C-B32E-E28FA11AFB48}.AppStore|x86.Deploy.0 = Release|Any CPU
		{F63040E7-57A9-449C-B32E-E28FA11AFB48}.Debug|Any CPU.ActiveCfg = Debug|Any CPU
		{F63040E7-57A9-449C-B32E-E28FA11AFB48}.Debug|Any CPU.Build.0 = Debug|Any CPU
		{F63040E7-57A9-449C-B32E-E28FA11AFB48}.Debug|Any CPU.Deploy.0 = Debug|Any CPU
		{F63040E7-57A9-449C-B32E-E28FA11AFB48}.Debug|ARM.ActiveCfg = Debug|Any CPU
		{F63040E7-57A9-449C-B32E-E28FA11AFB48}.Debug|ARM.Build.0 = Debug|Any CPU
		{F63040E7-57A9-449C-B32E-E28FA11AFB48}.Debug|ARM.Deploy.0 = Debug|Any CPU
		{F63040E7-57A9-449C-B32E-E28FA11AFB48}.Debug|iPhone.ActiveCfg = Debug|Any CPU
		{F63040E7-57A9-449C-B32E-E28FA11AFB48}.Debug|iPhone.Build.0 = Debug|Any CPU
		{F63040E7-57A9-449C-B32E-E28FA11AFB48}.Debug|iPhone.Deploy.0 = Debug|Any CPU
		{F63040E7-57A9-449C-B32E-E28FA11AFB48}.Debug|iPhoneSimulator.ActiveCfg = Debug|Any CPU
		{F63040E7-57A9-449C-B32E-E28FA11AFB48}.Debug|iPhoneSimulator.Build.0 = Debug|Any CPU
		{F63040E7-57A9-449C-B32E-E28FA11AFB48}.Debug|iPhoneSimulator.Deploy.0 = Debug|Any CPU
		{F63040E7-57A9-449C-B32E-E28FA11AFB48}.Debug|x64.ActiveCfg = Debug|Any CPU
		{F63040E7-57A9-449C-B32E-E28FA11AFB48}.Debug|x64.Build.0 = Debug|Any CPU
		{F63040E7-57A9-449C-B32E-E28FA11AFB48}.Debug|x64.Deploy.0 = Debug|Any CPU
		{F63040E7-57A9-449C-B32E-E28FA11AFB48}.Debug|x86.ActiveCfg = Debug|Any CPU
		{F63040E7-57A9-449C-B32E-E28FA11AFB48}.Debug|x86.Build.0 = Debug|Any CPU
		{F63040E7-57A9-449C-B32E-E28FA11AFB48}.Debug|x86.Deploy.0 = Debug|Any CPU
		{F63040E7-57A9-449C-B32E-E28FA11AFB48}.Release|Any CPU.ActiveCfg = Release|Any CPU
		{F63040E7-57A9-449C-B32E-E28FA11AFB48}.Release|Any CPU.Build.0 = Release|Any CPU
		{F63040E7-57A9-449C-B32E-E28FA11AFB48}.Release|Any CPU.Deploy.0 = Release|Any CPU
		{F63040E7-57A9-449C-B32E-E28FA11AFB48}.Release|ARM.ActiveCfg = Release|Any CPU
		{F63040E7-57A9-449C-B32E-E28FA11AFB48}.Release|ARM.Build.0 = Release|Any CPU
		{F63040E7-57A9-449C-B32E-E28FA11AFB48}.Release|ARM.Deploy.0 = Release|Any CPU
		{F63040E7-57A9-449C-B32E-E28FA11AFB48}.Release|iPhone.ActiveCfg = Release|Any CPU
		{F63040E7-57A9-449C-B32E-E28FA11AFB48}.Release|iPhone.Build.0 = Release|Any CPU
		{F63040E7-57A9-449C-B32E-E28FA11AFB48}.Release|iPhone.Deploy.0 = Release|Any CPU
		{F63040E7-57A9-449C-B32E-E28FA11AFB48}.Release|iPhoneSimulator.ActiveCfg = Release|Any CPU
		{F63040E7-57A9-449C-B32E-E28FA11AFB48}.Release|iPhoneSimulator.Build.0 = Release|Any CPU
		{F63040E7-57A9-449C-B32E-E28FA11AFB48}.Release|iPhoneSimulator.Deploy.0 = Release|Any CPU
		{F63040E7-57A9-449C-B32E-E28FA11AFB48}.Release|x64.ActiveCfg = Release|Any CPU
		{F63040E7-57A9-449C-B32E-E28FA11AFB48}.Release|x64.Build.0 = Release|Any CPU
		{F63040E7-57A9-449C-B32E-E28FA11AFB48}.Release|x64.Deploy.0 = Release|Any CPU
		{F63040E7-57A9-449C-B32E-E28FA11AFB48}.Release|x86.ActiveCfg = Release|Any CPU
		{F63040E7-57A9-449C-B32E-E28FA11AFB48}.Release|x86.Build.0 = Release|Any CPU
		{F63040E7-57A9-449C-B32E-E28FA11AFB48}.Release|x86.Deploy.0 = Release|Any CPU
		{49DD2D59-2FA2-4420-BEBB-753A30B6207B}.Ad-Hoc|Any CPU.ActiveCfg = Ad-Hoc|iPhone
		{49DD2D59-2FA2-4420-BEBB-753A30B6207B}.Ad-Hoc|ARM.ActiveCfg = Ad-Hoc|iPhone
		{49DD2D59-2FA2-4420-BEBB-753A30B6207B}.Ad-Hoc|iPhone.ActiveCfg = Ad-Hoc|iPhone
		{49DD2D59-2FA2-4420-BEBB-753A30B6207B}.Ad-Hoc|iPhone.Build.0 = Ad-Hoc|iPhone
		{49DD2D59-2FA2-4420-BEBB-753A30B6207B}.Ad-Hoc|iPhoneSimulator.ActiveCfg = Ad-Hoc|iPhoneSimulator
		{49DD2D59-2FA2-4420-BEBB-753A30B6207B}.Ad-Hoc|iPhoneSimulator.Build.0 = Ad-Hoc|iPhoneSimulator
		{49DD2D59-2FA2-4420-BEBB-753A30B6207B}.Ad-Hoc|x64.ActiveCfg = Ad-Hoc|iPhone
		{49DD2D59-2FA2-4420-BEBB-753A30B6207B}.Ad-Hoc|x86.ActiveCfg = Ad-Hoc|iPhone
		{49DD2D59-2FA2-4420-BEBB-753A30B6207B}.AppStore|Any CPU.ActiveCfg = AppStore|iPhone
		{49DD2D59-2FA2-4420-BEBB-753A30B6207B}.AppStore|ARM.ActiveCfg = AppStore|iPhone
		{49DD2D59-2FA2-4420-BEBB-753A30B6207B}.AppStore|iPhone.ActiveCfg = AppStore|iPhone
		{49DD2D59-2FA2-4420-BEBB-753A30B6207B}.AppStore|iPhone.Build.0 = AppStore|iPhone
		{49DD2D59-2FA2-4420-BEBB-753A30B6207B}.AppStore|iPhoneSimulator.ActiveCfg = AppStore|iPhoneSimulator
		{49DD2D59-2FA2-4420-BEBB-753A30B6207B}.AppStore|iPhoneSimulator.Build.0 = AppStore|iPhoneSimulator
		{49DD2D59-2FA2-4420-BEBB-753A30B6207B}.AppStore|x64.ActiveCfg = AppStore|iPhone
		{49DD2D59-2FA2-4420-BEBB-753A30B6207B}.AppStore|x86.ActiveCfg = AppStore|iPhone
		{49DD2D59-2FA2-4420-BEBB-753A30B6207B}.Debug|Any CPU.ActiveCfg = Debug|iPhone
		{49DD2D59-2FA2-4420-BEBB-753A30B6207B}.Debug|ARM.ActiveCfg = Debug|iPhone
		{49DD2D59-2FA2-4420-BEBB-753A30B6207B}.Debug|iPhone.ActiveCfg = Debug|iPhone
		{49DD2D59-2FA2-4420-BEBB-753A30B6207B}.Debug|iPhone.Build.0 = Debug|iPhone
		{49DD2D59-2FA2-4420-BEBB-753A30B6207B}.Debug|iPhoneSimulator.ActiveCfg = Debug|iPhoneSimulator
		{49DD2D59-2FA2-4420-BEBB-753A30B6207B}.Debug|iPhoneSimulator.Build.0 = Debug|iPhoneSimulator
		{49DD2D59-2FA2-4420-BEBB-753A30B6207B}.Debug|x64.ActiveCfg = Debug|iPhone
		{49DD2D59-2FA2-4420-BEBB-753A30B6207B}.Debug|x86.ActiveCfg = Debug|iPhone
		{49DD2D59-2FA2-4420-BEBB-753A30B6207B}.Release|Any CPU.ActiveCfg = Release|iPhone
		{49DD2D59-2FA2-4420-BEBB-753A30B6207B}.Release|ARM.ActiveCfg = Release|iPhone
		{49DD2D59-2FA2-4420-BEBB-753A30B6207B}.Release|iPhone.ActiveCfg = Release|iPhone
		{49DD2D59-2FA2-4420-BEBB-753A30B6207B}.Release|iPhone.Build.0 = Release|iPhone
		{49DD2D59-2FA2-4420-BEBB-753A30B6207B}.Release|iPhoneSimulator.ActiveCfg = Release|iPhoneSimulator
		{49DD2D59-2FA2-4420-BEBB-753A30B6207B}.Release|iPhoneSimulator.Build.0 = Release|iPhoneSimulator
		{49DD2D59-2FA2-4420-BEBB-753A30B6207B}.Release|x64.ActiveCfg = Release|iPhone
		{49DD2D59-2FA2-4420-BEBB-753A30B6207B}.Release|x86.ActiveCfg = Release|iPhone
		{442F1522-D4BA-43A3-9BEA-5377552EF136}.Ad-Hoc|Any CPU.ActiveCfg = Release|x86
		{442F1522-D4BA-43A3-9BEA-5377552EF136}.Ad-Hoc|Any CPU.Build.0 = Release|x86
		{442F1522-D4BA-43A3-9BEA-5377552EF136}.Ad-Hoc|Any CPU.Deploy.0 = Release|x86
		{442F1522-D4BA-43A3-9BEA-5377552EF136}.Ad-Hoc|ARM.ActiveCfg = Release|ARM
		{442F1522-D4BA-43A3-9BEA-5377552EF136}.Ad-Hoc|ARM.Build.0 = Release|ARM
		{442F1522-D4BA-43A3-9BEA-5377552EF136}.Ad-Hoc|ARM.Deploy.0 = Release|ARM
		{442F1522-D4BA-43A3-9BEA-5377552EF136}.Ad-Hoc|iPhone.ActiveCfg = Release|x86
		{442F1522-D4BA-43A3-9BEA-5377552EF136}.Ad-Hoc|iPhone.Build.0 = Release|x86
		{442F1522-D4BA-43A3-9BEA-5377552EF136}.Ad-Hoc|iPhone.Deploy.0 = Release|x86
		{442F1522-D4BA-43A3-9BEA-5377552EF136}.Ad-Hoc|iPhoneSimulator.ActiveCfg = Release|x86
		{442F1522-D4BA-43A3-9BEA-5377552EF136}.Ad-Hoc|iPhoneSimulator.Build.0 = Release|x86
		{442F1522-D4BA-43A3-9BEA-5377552EF136}.Ad-Hoc|iPhoneSimulator.Deploy.0 = Release|x86
		{442F1522-D4BA-43A3-9BEA-5377552EF136}.Ad-Hoc|x64.ActiveCfg = Release|x64
		{442F1522-D4BA-43A3-9BEA-5377552EF136}.Ad-Hoc|x64.Build.0 = Release|x64
		{442F1522-D4BA-43A3-9BEA-5377552EF136}.Ad-Hoc|x64.Deploy.0 = Release|x64
		{442F1522-D4BA-43A3-9BEA-5377552EF136}.Ad-Hoc|x86.ActiveCfg = Release|x86
		{442F1522-D4BA-43A3-9BEA-5377552EF136}.Ad-Hoc|x86.Build.0 = Release|x86
		{442F1522-D4BA-43A3-9BEA-5377552EF136}.Ad-Hoc|x86.Deploy.0 = Release|x86
		{442F1522-D4BA-43A3-9BEA-5377552EF136}.AppStore|Any CPU.ActiveCfg = Release|x86
		{442F1522-D4BA-43A3-9BEA-5377552EF136}.AppStore|Any CPU.Build.0 = Release|x86
		{442F1522-D4BA-43A3-9BEA-5377552EF136}.AppStore|Any CPU.Deploy.0 = Release|x86
		{442F1522-D4BA-43A3-9BEA-5377552EF136}.AppStore|ARM.ActiveCfg = Release|ARM
		{442F1522-D4BA-43A3-9BEA-5377552EF136}.AppStore|ARM.Build.0 = Release|ARM
		{442F1522-D4BA-43A3-9BEA-5377552EF136}.AppStore|ARM.Deploy.0 = Release|ARM
		{442F1522-D4BA-43A3-9BEA-5377552EF136}.AppStore|iPhone.ActiveCfg = Release|x86
		{442F1522-D4BA-43A3-9BEA-5377552EF136}.AppStore|iPhone.Build.0 = Release|x86
		{442F1522-D4BA-43A3-9BEA-5377552EF136}.AppStore|iPhone.Deploy.0 = Release|x86
		{442F1522-D4BA-43A3-9BEA-5377552EF136}.AppStore|iPhoneSimulator.ActiveCfg = Release|x86
		{442F1522-D4BA-43A3-9BEA-5377552EF136}.AppStore|iPhoneSimulator.Build.0 = Release|x86
		{442F1522-D4BA-43A3-9BEA-5377552EF136}.AppStore|iPhoneSimulator.Deploy.0 = Release|x86
		{442F1522-D4BA-43A3-9BEA-5377552EF136}.AppStore|x64.ActiveCfg = Release|x64
		{442F1522-D4BA-43A3-9BEA-5377552EF136}.AppStore|x64.Build.0 = Release|x64
		{442F1522-D4BA-43A3-9BEA-5377552EF136}.AppStore|x64.Deploy.0 = Release|x64
		{442F1522-D4BA-43A3-9BEA-5377552EF136}.AppStore|x86.ActiveCfg = Release|x86
		{442F1522-D4BA-43A3-9BEA-5377552EF136}.AppStore|x86.Build.0 = Release|x86
		{442F1522-D4BA-43A3-9BEA-5377552EF136}.AppStore|x86.Deploy.0 = Release|x86
		{442F1522-D4BA-43A3-9BEA-5377552EF136}.Debug|Any CPU.ActiveCfg = Debug|x86
		{442F1522-D4BA-43A3-9BEA-5377552EF136}.Debug|ARM.ActiveCfg = Debug|ARM
		{442F1522-D4BA-43A3-9BEA-5377552EF136}.Debug|ARM.Build.0 = Debug|ARM
		{442F1522-D4BA-43A3-9BEA-5377552EF136}.Debug|ARM.Deploy.0 = Debug|ARM
		{442F1522-D4BA-43A3-9BEA-5377552EF136}.Debug|iPhone.ActiveCfg = Debug|x86
		{442F1522-D4BA-43A3-9BEA-5377552EF136}.Debug|iPhoneSimulator.ActiveCfg = Debug|x86
		{442F1522-D4BA-43A3-9BEA-5377552EF136}.Debug|x64.ActiveCfg = Debug|x64
		{442F1522-D4BA-43A3-9BEA-5377552EF136}.Debug|x64.Build.0 = Debug|x64
		{442F1522-D4BA-43A3-9BEA-5377552EF136}.Debug|x64.Deploy.0 = Debug|x64
		{442F1522-D4BA-43A3-9BEA-5377552EF136}.Debug|x86.ActiveCfg = Debug|x86
		{442F1522-D4BA-43A3-9BEA-5377552EF136}.Debug|x86.Build.0 = Debug|x86
		{442F1522-D4BA-43A3-9BEA-5377552EF136}.Debug|x86.Deploy.0 = Debug|x86
		{442F1522-D4BA-43A3-9BEA-5377552EF136}.Release|Any CPU.ActiveCfg = Release|x86
		{442F1522-D4BA-43A3-9BEA-5377552EF136}.Release|ARM.ActiveCfg = Release|ARM
		{442F1522-D4BA-43A3-9BEA-5377552EF136}.Release|ARM.Build.0 = Release|ARM
		{442F1522-D4BA-43A3-9BEA-5377552EF136}.Release|ARM.Deploy.0 = Release|ARM
		{442F1522-D4BA-43A3-9BEA-5377552EF136}.Release|iPhone.ActiveCfg = Release|x86
		{442F1522-D4BA-43A3-9BEA-5377552EF136}.Release|iPhoneSimulator.ActiveCfg = Release|x86
		{442F1522-D4BA-43A3-9BEA-5377552EF136}.Release|x64.ActiveCfg = Release|x64
		{442F1522-D4BA-43A3-9BEA-5377552EF136}.Release|x64.Build.0 = Release|x64
		{442F1522-D4BA-43A3-9BEA-5377552EF136}.Release|x64.Deploy.0 = Release|x64
		{442F1522-D4BA-43A3-9BEA-5377552EF136}.Release|x86.ActiveCfg = Release|x86
		{442F1522-D4BA-43A3-9BEA-5377552EF136}.Release|x86.Build.0 = Release|x86
		{442F1522-D4BA-43A3-9BEA-5377552EF136}.Release|x86.Deploy.0 = Release|x86
		{D6B2F141-1053-4126-9DD3-11FB91586274}.Ad-Hoc|Any CPU.ActiveCfg = Debug|Any CPU
		{D6B2F141-1053-4126-9DD3-11FB91586274}.Ad-Hoc|Any CPU.Build.0 = Debug|Any CPU
		{D6B2F141-1053-4126-9DD3-11FB91586274}.Ad-Hoc|ARM.ActiveCfg = Debug|Any CPU
		{D6B2F141-1053-4126-9DD3-11FB91586274}.Ad-Hoc|ARM.Build.0 = Debug|Any CPU
		{D6B2F141-1053-4126-9DD3-11FB91586274}.Ad-Hoc|iPhone.ActiveCfg = Debug|Any CPU
		{D6B2F141-1053-4126-9DD3-11FB91586274}.Ad-Hoc|iPhone.Build.0 = Debug|Any CPU
		{D6B2F141-1053-4126-9DD3-11FB91586274}.Ad-Hoc|iPhoneSimulator.ActiveCfg = Debug|Any CPU
		{D6B2F141-1053-4126-9DD3-11FB91586274}.Ad-Hoc|iPhoneSimulator.Build.0 = Debug|Any CPU
		{D6B2F141-1053-4126-9DD3-11FB91586274}.Ad-Hoc|x64.ActiveCfg = Debug|Any CPU
		{D6B2F141-1053-4126-9DD3-11FB91586274}.Ad-Hoc|x64.Build.0 = Debug|Any CPU
		{D6B2F141-1053-4126-9DD3-11FB91586274}.Ad-Hoc|x86.ActiveCfg = Debug|Any CPU
		{D6B2F141-1053-4126-9DD3-11FB91586274}.Ad-Hoc|x86.Build.0 = Debug|Any CPU
		{D6B2F141-1053-4126-9DD3-11FB91586274}.AppStore|Any CPU.ActiveCfg = Debug|Any CPU
		{D6B2F141-1053-4126-9DD3-11FB91586274}.AppStore|Any CPU.Build.0 = Debug|Any CPU
		{D6B2F141-1053-4126-9DD3-11FB91586274}.AppStore|ARM.ActiveCfg = Debug|Any CPU
		{D6B2F141-1053-4126-9DD3-11FB91586274}.AppStore|ARM.Build.0 = Debug|Any CPU
		{D6B2F141-1053-4126-9DD3-11FB91586274}.AppStore|iPhone.ActiveCfg = Debug|Any CPU
		{D6B2F141-1053-4126-9DD3-11FB91586274}.AppStore|iPhone.Build.0 = Debug|Any CPU
		{D6B2F141-1053-4126-9DD3-11FB91586274}.AppStore|iPhoneSimulator.ActiveCfg = Debug|Any CPU
		{D6B2F141-1053-4126-9DD3-11FB91586274}.AppStore|iPhoneSimulator.Build.0 = Debug|Any CPU
		{D6B2F141-1053-4126-9DD3-11FB91586274}.AppStore|x64.ActiveCfg = Debug|Any CPU
		{D6B2F141-1053-4126-9DD3-11FB91586274}.AppStore|x64.Build.0 = Debug|Any CPU
		{D6B2F141-1053-4126-9DD3-11FB91586274}.AppStore|x86.ActiveCfg = Debug|Any CPU
		{D6B2F141-1053-4126-9DD3-11FB91586274}.AppStore|x86.Build.0 = Debug|Any CPU
		{D6B2F141-1053-4126-9DD3-11FB91586274}.Debug|Any CPU.ActiveCfg = Debug|Any CPU
		{D6B2F141-1053-4126-9DD3-11FB91586274}.Debug|Any CPU.Build.0 = Debug|Any CPU
		{D6B2F141-1053-4126-9DD3-11FB91586274}.Debug|ARM.ActiveCfg = Debug|Any CPU
		{D6B2F141-1053-4126-9DD3-11FB91586274}.Debug|ARM.Build.0 = Debug|Any CPU
		{D6B2F141-1053-4126-9DD3-11FB91586274}.Debug|iPhone.ActiveCfg = Debug|Any CPU
		{D6B2F141-1053-4126-9DD3-11FB91586274}.Debug|iPhone.Build.0 = Debug|Any CPU
		{D6B2F141-1053-4126-9DD3-11FB91586274}.Debug|iPhoneSimulator.ActiveCfg = Debug|Any CPU
		{D6B2F141-1053-4126-9DD3-11FB91586274}.Debug|iPhoneSimulator.Build.0 = Debug|Any CPU
		{D6B2F141-1053-4126-9DD3-11FB91586274}.Debug|x64.ActiveCfg = Debug|Any CPU
		{D6B2F141-1053-4126-9DD3-11FB91586274}.Debug|x64.Build.0 = Debug|Any CPU
		{D6B2F141-1053-4126-9DD3-11FB91586274}.Debug|x86.ActiveCfg = Debug|Any CPU
		{D6B2F141-1053-4126-9DD3-11FB91586274}.Debug|x86.Build.0 = Debug|Any CPU
		{D6B2F141-1053-4126-9DD3-11FB91586274}.Release|Any CPU.ActiveCfg = Release|Any CPU
		{D6B2F141-1053-4126-9DD3-11FB91586274}.Release|Any CPU.Build.0 = Release|Any CPU
		{D6B2F141-1053-4126-9DD3-11FB91586274}.Release|ARM.ActiveCfg = Release|Any CPU
		{D6B2F141-1053-4126-9DD3-11FB91586274}.Release|ARM.Build.0 = Release|Any CPU
		{D6B2F141-1053-4126-9DD3-11FB91586274}.Release|iPhone.ActiveCfg = Release|Any CPU
		{D6B2F141-1053-4126-9DD3-11FB91586274}.Release|iPhone.Build.0 = Release|Any CPU
		{D6B2F141-1053-4126-9DD3-11FB91586274}.Release|iPhoneSimulator.ActiveCfg = Release|Any CPU
		{D6B2F141-1053-4126-9DD3-11FB91586274}.Release|iPhoneSimulator.Build.0 = Release|Any CPU
		{D6B2F141-1053-4126-9DD3-11FB91586274}.Release|x64.ActiveCfg = Release|Any CPU
		{D6B2F141-1053-4126-9DD3-11FB91586274}.Release|x64.Build.0 = Release|Any CPU
		{D6B2F141-1053-4126-9DD3-11FB91586274}.Release|x86.ActiveCfg = Release|Any CPU
		{D6B2F141-1053-4126-9DD3-11FB91586274}.Release|x86.Build.0 = Release|Any CPU
		{4D42A079-AB82-4B34-9033-4DC54117B82D}.Ad-Hoc|Any CPU.ActiveCfg = Release|Any CPU
		{4D42A079-AB82-4B34-9033-4DC54117B82D}.Ad-Hoc|Any CPU.Build.0 = Release|Any CPU
		{4D42A079-AB82-4B34-9033-4DC54117B82D}.Ad-Hoc|ARM.ActiveCfg = Release|Any CPU
		{4D42A079-AB82-4B34-9033-4DC54117B82D}.Ad-Hoc|ARM.Build.0 = Release|Any CPU
		{4D42A079-AB82-4B34-9033-4DC54117B82D}.Ad-Hoc|iPhone.ActiveCfg = Release|Any CPU
		{4D42A079-AB82-4B34-9033-4DC54117B82D}.Ad-Hoc|iPhone.Build.0 = Release|Any CPU
		{4D42A079-AB82-4B34-9033-4DC54117B82D}.Ad-Hoc|iPhoneSimulator.ActiveCfg = Release|Any CPU
		{4D42A079-AB82-4B34-9033-4DC54117B82D}.Ad-Hoc|iPhoneSimulator.Build.0 = Release|Any CPU
		{4D42A079-AB82-4B34-9033-4DC54117B82D}.Ad-Hoc|x64.ActiveCfg = Release|Any CPU
		{4D42A079-AB82-4B34-9033-4DC54117B82D}.Ad-Hoc|x64.Build.0 = Release|Any CPU
		{4D42A079-AB82-4B34-9033-4DC54117B82D}.Ad-Hoc|x86.ActiveCfg = Release|Any CPU
		{4D42A079-AB82-4B34-9033-4DC54117B82D}.Ad-Hoc|x86.Build.0 = Release|Any CPU
		{4D42A079-AB82-4B34-9033-4DC54117B82D}.AppStore|Any CPU.ActiveCfg = Release|Any CPU
		{4D42A079-AB82-4B34-9033-4DC54117B82D}.AppStore|Any CPU.Build.0 = Release|Any CPU
		{4D42A079-AB82-4B34-9033-4DC54117B82D}.AppStore|ARM.ActiveCfg = Release|Any CPU
		{4D42A079-AB82-4B34-9033-4DC54117B82D}.AppStore|ARM.Build.0 = Release|Any CPU
		{4D42A079-AB82-4B34-9033-4DC54117B82D}.AppStore|iPhone.ActiveCfg = Release|Any CPU
		{4D42A079-AB82-4B34-9033-4DC54117B82D}.AppStore|iPhone.Build.0 = Release|Any CPU
		{4D42A079-AB82-4B34-9033-4DC54117B82D}.AppStore|iPhoneSimulator.ActiveCfg = Release|Any CPU
		{4D42A079-AB82-4B34-9033-4DC54117B82D}.AppStore|iPhoneSimulator.Build.0 = Release|Any CPU
		{4D42A079-AB82-4B34-9033-4DC54117B82D}.AppStore|x64.ActiveCfg = Release|Any CPU
		{4D42A079-AB82-4B34-9033-4DC54117B82D}.AppStore|x64.Build.0 = Release|Any CPU
		{4D42A079-AB82-4B34-9033-4DC54117B82D}.AppStore|x86.ActiveCfg = Release|Any CPU
		{4D42A079-AB82-4B34-9033-4DC54117B82D}.AppStore|x86.Build.0 = Release|Any CPU
		{4D42A079-AB82-4B34-9033-4DC54117B82D}.Debug|Any CPU.ActiveCfg = Debug|Any CPU
		{4D42A079-AB82-4B34-9033-4DC54117B82D}.Debug|Any CPU.Build.0 = Debug|Any CPU
		{4D42A079-AB82-4B34-9033-4DC54117B82D}.Debug|ARM.ActiveCfg = Debug|Any CPU
		{4D42A079-AB82-4B34-9033-4DC54117B82D}.Debug|ARM.Build.0 = Debug|Any CPU
		{4D42A079-AB82-4B34-9033-4DC54117B82D}.Debug|iPhone.ActiveCfg = Debug|Any CPU
		{4D42A079-AB82-4B34-9033-4DC54117B82D}.Debug|iPhone.Build.0 = Debug|Any CPU
		{4D42A079-AB82-4B34-9033-4DC54117B82D}.Debug|iPhoneSimulator.ActiveCfg = Debug|Any CPU
		{4D42A079-AB82-4B34-9033-4DC54117B82D}.Debug|iPhoneSimulator.Build.0 = Debug|Any CPU
		{4D42A079-AB82-4B34-9033-4DC54117B82D}.Debug|x64.ActiveCfg = Debug|Any CPU
		{4D42A079-AB82-4B34-9033-4DC54117B82D}.Debug|x64.Build.0 = Debug|Any CPU
		{4D42A079-AB82-4B34-9033-4DC54117B82D}.Debug|x86.ActiveCfg = Debug|Any CPU
		{4D42A079-AB82-4B34-9033-4DC54117B82D}.Debug|x86.Build.0 = Debug|Any CPU
		{4D42A079-AB82-4B34-9033-4DC54117B82D}.Release|Any CPU.ActiveCfg = Release|Any CPU
		{4D42A079-AB82-4B34-9033-4DC54117B82D}.Release|Any CPU.Build.0 = Release|Any CPU
		{4D42A079-AB82-4B34-9033-4DC54117B82D}.Release|ARM.ActiveCfg = Release|Any CPU
		{4D42A079-AB82-4B34-9033-4DC54117B82D}.Release|ARM.Build.0 = Release|Any CPU
		{4D42A079-AB82-4B34-9033-4DC54117B82D}.Release|iPhone.ActiveCfg = Release|Any CPU
		{4D42A079-AB82-4B34-9033-4DC54117B82D}.Release|iPhone.Build.0 = Release|Any CPU
		{4D42A079-AB82-4B34-9033-4DC54117B82D}.Release|iPhoneSimulator.ActiveCfg = Release|Any CPU
		{4D42A079-AB82-4B34-9033-4DC54117B82D}.Release|iPhoneSimulator.Build.0 = Release|Any CPU
		{4D42A079-AB82-4B34-9033-4DC54117B82D}.Release|x64.ActiveCfg = Release|Any CPU
		{4D42A079-AB82-4B34-9033-4DC54117B82D}.Release|x64.Build.0 = Release|Any CPU
		{4D42A079-AB82-4B34-9033-4DC54117B82D}.Release|x86.ActiveCfg = Release|Any CPU
		{4D42A079-AB82-4B34-9033-4DC54117B82D}.Release|x86.Build.0 = Release|Any CPU
		{45D52D93-ECD0-4C23-A64E-659EA213331A}.Ad-Hoc|Any CPU.ActiveCfg = Debug|Any CPU
		{45D52D93-ECD0-4C23-A64E-659EA213331A}.Ad-Hoc|Any CPU.Build.0 = Debug|Any CPU
		{45D52D93-ECD0-4C23-A64E-659EA213331A}.Ad-Hoc|ARM.ActiveCfg = Debug|Any CPU
		{45D52D93-ECD0-4C23-A64E-659EA213331A}.Ad-Hoc|ARM.Build.0 = Debug|Any CPU
		{45D52D93-ECD0-4C23-A64E-659EA213331A}.Ad-Hoc|iPhone.ActiveCfg = Debug|Any CPU
		{45D52D93-ECD0-4C23-A64E-659EA213331A}.Ad-Hoc|iPhone.Build.0 = Debug|Any CPU
		{45D52D93-ECD0-4C23-A64E-659EA213331A}.Ad-Hoc|iPhoneSimulator.ActiveCfg = Debug|Any CPU
		{45D52D93-ECD0-4C23-A64E-659EA213331A}.Ad-Hoc|iPhoneSimulator.Build.0 = Debug|Any CPU
		{45D52D93-ECD0-4C23-A64E-659EA213331A}.Ad-Hoc|x64.ActiveCfg = Debug|Any CPU
		{45D52D93-ECD0-4C23-A64E-659EA213331A}.Ad-Hoc|x64.Build.0 = Debug|Any CPU
		{45D52D93-ECD0-4C23-A64E-659EA213331A}.Ad-Hoc|x86.ActiveCfg = Debug|Any CPU
		{45D52D93-ECD0-4C23-A64E-659EA213331A}.Ad-Hoc|x86.Build.0 = Debug|Any CPU
		{45D52D93-ECD0-4C23-A64E-659EA213331A}.AppStore|Any CPU.ActiveCfg = Debug|Any CPU
		{45D52D93-ECD0-4C23-A64E-659EA213331A}.AppStore|Any CPU.Build.0 = Debug|Any CPU
		{45D52D93-ECD0-4C23-A64E-659EA213331A}.AppStore|ARM.ActiveCfg = Debug|Any CPU
		{45D52D93-ECD0-4C23-A64E-659EA213331A}.AppStore|ARM.Build.0 = Debug|Any CPU
		{45D52D93-ECD0-4C23-A64E-659EA213331A}.AppStore|iPhone.ActiveCfg = Debug|Any CPU
		{45D52D93-ECD0-4C23-A64E-659EA213331A}.AppStore|iPhone.Build.0 = Debug|Any CPU
		{45D52D93-ECD0-4C23-A64E-659EA213331A}.AppStore|iPhoneSimulator.ActiveCfg = Debug|Any CPU
		{45D52D93-ECD0-4C23-A64E-659EA213331A}.AppStore|iPhoneSimulator.Build.0 = Debug|Any CPU
		{45D52D93-ECD0-4C23-A64E-659EA213331A}.AppStore|x64.ActiveCfg = Debug|Any CPU
		{45D52D93-ECD0-4C23-A64E-659EA213331A}.AppStore|x64.Build.0 = Debug|Any CPU
		{45D52D93-ECD0-4C23-A64E-659EA213331A}.AppStore|x86.ActiveCfg = Debug|Any CPU
		{45D52D93-ECD0-4C23-A64E-659EA213331A}.AppStore|x86.Build.0 = Debug|Any CPU
		{45D52D93-ECD0-4C23-A64E-659EA213331A}.Debug|Any CPU.ActiveCfg = Debug|Any CPU
		{45D52D93-ECD0-4C23-A64E-659EA213331A}.Debug|Any CPU.Build.0 = Debug|Any CPU
		{45D52D93-ECD0-4C23-A64E-659EA213331A}.Debug|ARM.ActiveCfg = Debug|Any CPU
		{45D52D93-ECD0-4C23-A64E-659EA213331A}.Debug|ARM.Build.0 = Debug|Any CPU
		{45D52D93-ECD0-4C23-A64E-659EA213331A}.Debug|iPhone.ActiveCfg = Debug|Any CPU
		{45D52D93-ECD0-4C23-A64E-659EA213331A}.Debug|iPhone.Build.0 = Debug|Any CPU
		{45D52D93-ECD0-4C23-A64E-659EA213331A}.Debug|iPhoneSimulator.ActiveCfg = Debug|Any CPU
		{45D52D93-ECD0-4C23-A64E-659EA213331A}.Debug|iPhoneSimulator.Build.0 = Debug|Any CPU
		{45D52D93-ECD0-4C23-A64E-659EA213331A}.Debug|x64.ActiveCfg = Debug|Any CPU
		{45D52D93-ECD0-4C23-A64E-659EA213331A}.Debug|x64.Build.0 = Debug|Any CPU
		{45D52D93-ECD0-4C23-A64E-659EA213331A}.Debug|x86.ActiveCfg = Debug|Any CPU
		{45D52D93-ECD0-4C23-A64E-659EA213331A}.Debug|x86.Build.0 = Debug|Any CPU
		{45D52D93-ECD0-4C23-A64E-659EA213331A}.Release|Any CPU.ActiveCfg = Release|Any CPU
		{45D52D93-ECD0-4C23-A64E-659EA213331A}.Release|Any CPU.Build.0 = Release|Any CPU
		{45D52D93-ECD0-4C23-A64E-659EA213331A}.Release|ARM.ActiveCfg = Release|Any CPU
		{45D52D93-ECD0-4C23-A64E-659EA213331A}.Release|ARM.Build.0 = Release|Any CPU
		{45D52D93-ECD0-4C23-A64E-659EA213331A}.Release|iPhone.ActiveCfg = Release|Any CPU
		{45D52D93-ECD0-4C23-A64E-659EA213331A}.Release|iPhone.Build.0 = Release|Any CPU
		{45D52D93-ECD0-4C23-A64E-659EA213331A}.Release|iPhoneSimulator.ActiveCfg = Release|Any CPU
		{45D52D93-ECD0-4C23-A64E-659EA213331A}.Release|iPhoneSimulator.Build.0 = Release|Any CPU
		{45D52D93-ECD0-4C23-A64E-659EA213331A}.Release|x64.ActiveCfg = Release|Any CPU
		{45D52D93-ECD0-4C23-A64E-659EA213331A}.Release|x64.Build.0 = Release|Any CPU
		{45D52D93-ECD0-4C23-A64E-659EA213331A}.Release|x86.ActiveCfg = Release|Any CPU
		{45D52D93-ECD0-4C23-A64E-659EA213331A}.Release|x86.Build.0 = Release|Any CPU
		{879B8095-9764-49F7-A53A-5327C6F5E17D}.Ad-Hoc|Any CPU.ActiveCfg = Debug|Any CPU
		{879B8095-9764-49F7-A53A-5327C6F5E17D}.Ad-Hoc|Any CPU.Build.0 = Debug|Any CPU
		{879B8095-9764-49F7-A53A-5327C6F5E17D}.Ad-Hoc|ARM.ActiveCfg = Debug|Any CPU
		{879B8095-9764-49F7-A53A-5327C6F5E17D}.Ad-Hoc|ARM.Build.0 = Debug|Any CPU
		{879B8095-9764-49F7-A53A-5327C6F5E17D}.Ad-Hoc|iPhone.ActiveCfg = Debug|Any CPU
		{879B8095-9764-49F7-A53A-5327C6F5E17D}.Ad-Hoc|iPhone.Build.0 = Debug|Any CPU
		{879B8095-9764-49F7-A53A-5327C6F5E17D}.Ad-Hoc|iPhoneSimulator.ActiveCfg = Debug|Any CPU
		{879B8095-9764-49F7-A53A-5327C6F5E17D}.Ad-Hoc|iPhoneSimulator.Build.0 = Debug|Any CPU
		{879B8095-9764-49F7-A53A-5327C6F5E17D}.Ad-Hoc|x64.ActiveCfg = Debug|Any CPU
		{879B8095-9764-49F7-A53A-5327C6F5E17D}.Ad-Hoc|x64.Build.0 = Debug|Any CPU
		{879B8095-9764-49F7-A53A-5327C6F5E17D}.Ad-Hoc|x86.ActiveCfg = Debug|Any CPU
		{879B8095-9764-49F7-A53A-5327C6F5E17D}.Ad-Hoc|x86.Build.0 = Debug|Any CPU
		{879B8095-9764-49F7-A53A-5327C6F5E17D}.AppStore|Any CPU.ActiveCfg = Debug|Any CPU
		{879B8095-9764-49F7-A53A-5327C6F5E17D}.AppStore|Any CPU.Build.0 = Debug|Any CPU
		{879B8095-9764-49F7-A53A-5327C6F5E17D}.AppStore|ARM.ActiveCfg = Debug|Any CPU
		{879B8095-9764-49F7-A53A-5327C6F5E17D}.AppStore|ARM.Build.0 = Debug|Any CPU
		{879B8095-9764-49F7-A53A-5327C6F5E17D}.AppStore|iPhone.ActiveCfg = Debug|Any CPU
		{879B8095-9764-49F7-A53A-5327C6F5E17D}.AppStore|iPhone.Build.0 = Debug|Any CPU
		{879B8095-9764-49F7-A53A-5327C6F5E17D}.AppStore|iPhoneSimulator.ActiveCfg = Debug|Any CPU
		{879B8095-9764-49F7-A53A-5327C6F5E17D}.AppStore|iPhoneSimulator.Build.0 = Debug|Any CPU
		{879B8095-9764-49F7-A53A-5327C6F5E17D}.AppStore|x64.ActiveCfg = Debug|Any CPU
		{879B8095-9764-49F7-A53A-5327C6F5E17D}.AppStore|x64.Build.0 = Debug|Any CPU
		{879B8095-9764-49F7-A53A-5327C6F5E17D}.AppStore|x86.ActiveCfg = Debug|Any CPU
		{879B8095-9764-49F7-A53A-5327C6F5E17D}.AppStore|x86.Build.0 = Debug|Any CPU
		{879B8095-9764-49F7-A53A-5327C6F5E17D}.Debug|Any CPU.ActiveCfg = Debug|Any CPU
		{879B8095-9764-49F7-A53A-5327C6F5E17D}.Debug|Any CPU.Build.0 = Debug|Any CPU
		{879B8095-9764-49F7-A53A-5327C6F5E17D}.Debug|ARM.ActiveCfg = Debug|Any CPU
		{879B8095-9764-49F7-A53A-5327C6F5E17D}.Debug|ARM.Build.0 = Debug|Any CPU
		{879B8095-9764-49F7-A53A-5327C6F5E17D}.Debug|iPhone.ActiveCfg = Debug|Any CPU
		{879B8095-9764-49F7-A53A-5327C6F5E17D}.Debug|iPhone.Build.0 = Debug|Any CPU
		{879B8095-9764-49F7-A53A-5327C6F5E17D}.Debug|iPhoneSimulator.ActiveCfg = Debug|Any CPU
		{879B8095-9764-49F7-A53A-5327C6F5E17D}.Debug|iPhoneSimulator.Build.0 = Debug|Any CPU
		{879B8095-9764-49F7-A53A-5327C6F5E17D}.Debug|x64.ActiveCfg = Debug|Any CPU
		{879B8095-9764-49F7-A53A-5327C6F5E17D}.Debug|x64.Build.0 = Debug|Any CPU
		{879B8095-9764-49F7-A53A-5327C6F5E17D}.Debug|x86.ActiveCfg = Debug|Any CPU
		{879B8095-9764-49F7-A53A-5327C6F5E17D}.Debug|x86.Build.0 = Debug|Any CPU
		{879B8095-9764-49F7-A53A-5327C6F5E17D}.Release|Any CPU.ActiveCfg = Release|Any CPU
		{879B8095-9764-49F7-A53A-5327C6F5E17D}.Release|Any CPU.Build.0 = Release|Any CPU
		{879B8095-9764-49F7-A53A-5327C6F5E17D}.Release|ARM.ActiveCfg = Release|Any CPU
		{879B8095-9764-49F7-A53A-5327C6F5E17D}.Release|ARM.Build.0 = Release|Any CPU
		{879B8095-9764-49F7-A53A-5327C6F5E17D}.Release|iPhone.ActiveCfg = Release|Any CPU
		{879B8095-9764-49F7-A53A-5327C6F5E17D}.Release|iPhone.Build.0 = Release|Any CPU
		{879B8095-9764-49F7-A53A-5327C6F5E17D}.Release|iPhoneSimulator.ActiveCfg = Release|Any CPU
		{879B8095-9764-49F7-A53A-5327C6F5E17D}.Release|iPhoneSimulator.Build.0 = Release|Any CPU
		{879B8095-9764-49F7-A53A-5327C6F5E17D}.Release|x64.ActiveCfg = Release|Any CPU
		{879B8095-9764-49F7-A53A-5327C6F5E17D}.Release|x64.Build.0 = Release|Any CPU
		{879B8095-9764-49F7-A53A-5327C6F5E17D}.Release|x86.ActiveCfg = Release|Any CPU
		{879B8095-9764-49F7-A53A-5327C6F5E17D}.Release|x86.Build.0 = Release|Any CPU
		{8755397E-AFFA-487E-BCC4-8C538BCEF83A}.Ad-Hoc|Any CPU.ActiveCfg = Debug|Any CPU
		{8755397E-AFFA-487E-BCC4-8C538BCEF83A}.Ad-Hoc|Any CPU.Build.0 = Debug|Any CPU
		{8755397E-AFFA-487E-BCC4-8C538BCEF83A}.Ad-Hoc|ARM.ActiveCfg = Debug|Any CPU
		{8755397E-AFFA-487E-BCC4-8C538BCEF83A}.Ad-Hoc|ARM.Build.0 = Debug|Any CPU
		{8755397E-AFFA-487E-BCC4-8C538BCEF83A}.Ad-Hoc|iPhone.ActiveCfg = Debug|Any CPU
		{8755397E-AFFA-487E-BCC4-8C538BCEF83A}.Ad-Hoc|iPhone.Build.0 = Debug|Any CPU
		{8755397E-AFFA-487E-BCC4-8C538BCEF83A}.Ad-Hoc|iPhoneSimulator.ActiveCfg = Debug|Any CPU
		{8755397E-AFFA-487E-BCC4-8C538BCEF83A}.Ad-Hoc|iPhoneSimulator.Build.0 = Debug|Any CPU
		{8755397E-AFFA-487E-BCC4-8C538BCEF83A}.Ad-Hoc|x64.ActiveCfg = Debug|Any CPU
		{8755397E-AFFA-487E-BCC4-8C538BCEF83A}.Ad-Hoc|x64.Build.0 = Debug|Any CPU
		{8755397E-AFFA-487E-BCC4-8C538BCEF83A}.Ad-Hoc|x86.ActiveCfg = Debug|Any CPU
		{8755397E-AFFA-487E-BCC4-8C538BCEF83A}.Ad-Hoc|x86.Build.0 = Debug|Any CPU
		{8755397E-AFFA-487E-BCC4-8C538BCEF83A}.AppStore|Any CPU.ActiveCfg = Debug|Any CPU
		{8755397E-AFFA-487E-BCC4-8C538BCEF83A}.AppStore|Any CPU.Build.0 = Debug|Any CPU
		{8755397E-AFFA-487E-BCC4-8C538BCEF83A}.AppStore|ARM.ActiveCfg = Debug|Any CPU
		{8755397E-AFFA-487E-BCC4-8C538BCEF83A}.AppStore|ARM.Build.0 = Debug|Any CPU
		{8755397E-AFFA-487E-BCC4-8C538BCEF83A}.AppStore|iPhone.ActiveCfg = Debug|Any CPU
		{8755397E-AFFA-487E-BCC4-8C538BCEF83A}.AppStore|iPhone.Build.0 = Debug|Any CPU
		{8755397E-AFFA-487E-BCC4-8C538BCEF83A}.AppStore|iPhoneSimulator.ActiveCfg = Debug|Any CPU
		{8755397E-AFFA-487E-BCC4-8C538BCEF83A}.AppStore|iPhoneSimulator.Build.0 = Debug|Any CPU
		{8755397E-AFFA-487E-BCC4-8C538BCEF83A}.AppStore|x64.ActiveCfg = Debug|Any CPU
		{8755397E-AFFA-487E-BCC4-8C538BCEF83A}.AppStore|x64.Build.0 = Debug|Any CPU
		{8755397E-AFFA-487E-BCC4-8C538BCEF83A}.AppStore|x86.ActiveCfg = Debug|Any CPU
		{8755397E-AFFA-487E-BCC4-8C538BCEF83A}.AppStore|x86.Build.0 = Debug|Any CPU
		{8755397E-AFFA-487E-BCC4-8C538BCEF83A}.Debug|Any CPU.ActiveCfg = Debug|Any CPU
		{8755397E-AFFA-487E-BCC4-8C538BCEF83A}.Debug|Any CPU.Build.0 = Debug|Any CPU
		{8755397E-AFFA-487E-BCC4-8C538BCEF83A}.Debug|ARM.ActiveCfg = Debug|Any CPU
		{8755397E-AFFA-487E-BCC4-8C538BCEF83A}.Debug|ARM.Build.0 = Debug|Any CPU
		{8755397E-AFFA-487E-BCC4-8C538BCEF83A}.Debug|iPhone.ActiveCfg = Debug|Any CPU
		{8755397E-AFFA-487E-BCC4-8C538BCEF83A}.Debug|iPhone.Build.0 = Debug|Any CPU
		{8755397E-AFFA-487E-BCC4-8C538BCEF83A}.Debug|iPhoneSimulator.ActiveCfg = Debug|Any CPU
		{8755397E-AFFA-487E-BCC4-8C538BCEF83A}.Debug|iPhoneSimulator.Build.0 = Debug|Any CPU
		{8755397E-AFFA-487E-BCC4-8C538BCEF83A}.Debug|x64.ActiveCfg = Debug|Any CPU
		{8755397E-AFFA-487E-BCC4-8C538BCEF83A}.Debug|x64.Build.0 = Debug|Any CPU
		{8755397E-AFFA-487E-BCC4-8C538BCEF83A}.Debug|x86.ActiveCfg = Debug|Any CPU
		{8755397E-AFFA-487E-BCC4-8C538BCEF83A}.Debug|x86.Build.0 = Debug|Any CPU
		{8755397E-AFFA-487E-BCC4-8C538BCEF83A}.Release|Any CPU.ActiveCfg = Release|Any CPU
		{8755397E-AFFA-487E-BCC4-8C538BCEF83A}.Release|Any CPU.Build.0 = Release|Any CPU
		{8755397E-AFFA-487E-BCC4-8C538BCEF83A}.Release|ARM.ActiveCfg = Release|Any CPU
		{8755397E-AFFA-487E-BCC4-8C538BCEF83A}.Release|ARM.Build.0 = Release|Any CPU
		{8755397E-AFFA-487E-BCC4-8C538BCEF83A}.Release|iPhone.ActiveCfg = Release|Any CPU
		{8755397E-AFFA-487E-BCC4-8C538BCEF83A}.Release|iPhone.Build.0 = Release|Any CPU
		{8755397E-AFFA-487E-BCC4-8C538BCEF83A}.Release|iPhoneSimulator.ActiveCfg = Release|Any CPU
		{8755397E-AFFA-487E-BCC4-8C538BCEF83A}.Release|iPhoneSimulator.Build.0 = Release|Any CPU
		{8755397E-AFFA-487E-BCC4-8C538BCEF83A}.Release|x64.ActiveCfg = Release|Any CPU
		{8755397E-AFFA-487E-BCC4-8C538BCEF83A}.Release|x64.Build.0 = Release|Any CPU
		{8755397E-AFFA-487E-BCC4-8C538BCEF83A}.Release|x86.ActiveCfg = Release|Any CPU
		{8755397E-AFFA-487E-BCC4-8C538BCEF83A}.Release|x86.Build.0 = Release|Any CPU
		{B28213E2-B00A-4782-9DCC-8E5971E7890B}.Ad-Hoc|Any CPU.ActiveCfg = Debug|Any CPU
		{B28213E2-B00A-4782-9DCC-8E5971E7890B}.Ad-Hoc|Any CPU.Build.0 = Debug|Any CPU
		{B28213E2-B00A-4782-9DCC-8E5971E7890B}.Ad-Hoc|ARM.ActiveCfg = Debug|Any CPU
		{B28213E2-B00A-4782-9DCC-8E5971E7890B}.Ad-Hoc|ARM.Build.0 = Debug|Any CPU
		{B28213E2-B00A-4782-9DCC-8E5971E7890B}.Ad-Hoc|iPhone.ActiveCfg = Debug|Any CPU
		{B28213E2-B00A-4782-9DCC-8E5971E7890B}.Ad-Hoc|iPhone.Build.0 = Debug|Any CPU
		{B28213E2-B00A-4782-9DCC-8E5971E7890B}.Ad-Hoc|iPhoneSimulator.ActiveCfg = Debug|Any CPU
		{B28213E2-B00A-4782-9DCC-8E5971E7890B}.Ad-Hoc|iPhoneSimulator.Build.0 = Debug|Any CPU
		{B28213E2-B00A-4782-9DCC-8E5971E7890B}.Ad-Hoc|x64.ActiveCfg = Debug|Any CPU
		{B28213E2-B00A-4782-9DCC-8E5971E7890B}.Ad-Hoc|x64.Build.0 = Debug|Any CPU
		{B28213E2-B00A-4782-9DCC-8E5971E7890B}.Ad-Hoc|x86.ActiveCfg = Debug|Any CPU
		{B28213E2-B00A-4782-9DCC-8E5971E7890B}.Ad-Hoc|x86.Build.0 = Debug|Any CPU
		{B28213E2-B00A-4782-9DCC-8E5971E7890B}.AppStore|Any CPU.ActiveCfg = Debug|Any CPU
		{B28213E2-B00A-4782-9DCC-8E5971E7890B}.AppStore|Any CPU.Build.0 = Debug|Any CPU
		{B28213E2-B00A-4782-9DCC-8E5971E7890B}.AppStore|ARM.ActiveCfg = Debug|Any CPU
		{B28213E2-B00A-4782-9DCC-8E5971E7890B}.AppStore|ARM.Build.0 = Debug|Any CPU
		{B28213E2-B00A-4782-9DCC-8E5971E7890B}.AppStore|iPhone.ActiveCfg = Debug|Any CPU
		{B28213E2-B00A-4782-9DCC-8E5971E7890B}.AppStore|iPhone.Build.0 = Debug|Any CPU
		{B28213E2-B00A-4782-9DCC-8E5971E7890B}.AppStore|iPhoneSimulator.ActiveCfg = Debug|Any CPU
		{B28213E2-B00A-4782-9DCC-8E5971E7890B}.AppStore|iPhoneSimulator.Build.0 = Debug|Any CPU
		{B28213E2-B00A-4782-9DCC-8E5971E7890B}.AppStore|x64.ActiveCfg = Debug|Any CPU
		{B28213E2-B00A-4782-9DCC-8E5971E7890B}.AppStore|x64.Build.0 = Debug|Any CPU
		{B28213E2-B00A-4782-9DCC-8E5971E7890B}.AppStore|x86.ActiveCfg = Debug|Any CPU
		{B28213E2-B00A-4782-9DCC-8E5971E7890B}.AppStore|x86.Build.0 = Debug|Any CPU
		{B28213E2-B00A-4782-9DCC-8E5971E7890B}.Debug|Any CPU.ActiveCfg = Debug|Any CPU
		{B28213E2-B00A-4782-9DCC-8E5971E7890B}.Debug|Any CPU.Build.0 = Debug|Any CPU
		{B28213E2-B00A-4782-9DCC-8E5971E7890B}.Debug|ARM.ActiveCfg = Debug|Any CPU
		{B28213E2-B00A-4782-9DCC-8E5971E7890B}.Debug|ARM.Build.0 = Debug|Any CPU
		{B28213E2-B00A-4782-9DCC-8E5971E7890B}.Debug|iPhone.ActiveCfg = Debug|Any CPU
		{B28213E2-B00A-4782-9DCC-8E5971E7890B}.Debug|iPhone.Build.0 = Debug|Any CPU
		{B28213E2-B00A-4782-9DCC-8E5971E7890B}.Debug|iPhoneSimulator.ActiveCfg = Debug|Any CPU
		{B28213E2-B00A-4782-9DCC-8E5971E7890B}.Debug|iPhoneSimulator.Build.0 = Debug|Any CPU
		{B28213E2-B00A-4782-9DCC-8E5971E7890B}.Debug|x64.ActiveCfg = Debug|Any CPU
		{B28213E2-B00A-4782-9DCC-8E5971E7890B}.Debug|x64.Build.0 = Debug|Any CPU
		{B28213E2-B00A-4782-9DCC-8E5971E7890B}.Debug|x86.ActiveCfg = Debug|Any CPU
		{B28213E2-B00A-4782-9DCC-8E5971E7890B}.Debug|x86.Build.0 = Debug|Any CPU
		{B28213E2-B00A-4782-9DCC-8E5971E7890B}.Release|Any CPU.ActiveCfg = Release|Any CPU
		{B28213E2-B00A-4782-9DCC-8E5971E7890B}.Release|Any CPU.Build.0 = Release|Any CPU
		{B28213E2-B00A-4782-9DCC-8E5971E7890B}.Release|ARM.ActiveCfg = Release|Any CPU
		{B28213E2-B00A-4782-9DCC-8E5971E7890B}.Release|ARM.Build.0 = Release|Any CPU
		{B28213E2-B00A-4782-9DCC-8E5971E7890B}.Release|iPhone.ActiveCfg = Release|Any CPU
		{B28213E2-B00A-4782-9DCC-8E5971E7890B}.Release|iPhone.Build.0 = Release|Any CPU
		{B28213E2-B00A-4782-9DCC-8E5971E7890B}.Release|iPhoneSimulator.ActiveCfg = Release|Any CPU
		{B28213E2-B00A-4782-9DCC-8E5971E7890B}.Release|iPhoneSimulator.Build.0 = Release|Any CPU
		{B28213E2-B00A-4782-9DCC-8E5971E7890B}.Release|x64.ActiveCfg = Release|Any CPU
		{B28213E2-B00A-4782-9DCC-8E5971E7890B}.Release|x64.Build.0 = Release|Any CPU
		{B28213E2-B00A-4782-9DCC-8E5971E7890B}.Release|x86.ActiveCfg = Release|Any CPU
		{B28213E2-B00A-4782-9DCC-8E5971E7890B}.Release|x86.Build.0 = Release|Any CPU
	EndGlobalSection
	GlobalSection(SolutionProperties) = preSolution
		HideSolutionNode = FALSE
	EndGlobalSection
	GlobalSection(ExtensibilityGlobals) = postSolution
		SolutionGuid = {DF537F9C-3F4E-4318-8DA1-BC0B61596024}
	EndGlobalSection
EndGlobal
